// !$*UTF8*$!
{
	archiveVersion = 1;
	classes = {
	};
	objectVersion = 46;
	objects = {

/* Begin PBXBuildFile section */
		00F946AE1F0AA19800368CAC /* AppDelegate.swift in Sources */ = {isa = PBXBuildFile; fileRef = 00F946AD1F0AA19800368CAC /* AppDelegate.swift */; };
		00F946B01F0AA19800368CAC /* ViewController.swift in Sources */ = {isa = PBXBuildFile; fileRef = 00F946AF1F0AA19800368CAC /* ViewController.swift */; };
		00F946B31F0AA19800368CAC /* Main.storyboard in Resources */ = {isa = PBXBuildFile; fileRef = 00F946B11F0AA19800368CAC /* Main.storyboard */; };
		00F946B51F0AA19800368CAC /* Assets.xcassets in Resources */ = {isa = PBXBuildFile; fileRef = 00F946B41F0AA19800368CAC /* Assets.xcassets */; };
		00F946B81F0AA19800368CAC /* LaunchScreen.storyboard in Resources */ = {isa = PBXBuildFile; fileRef = 00F946B61F0AA19800368CAC /* LaunchScreen.storyboard */; };
/* End PBXBuildFile section */

/* Begin PBXFileReference section */
		00F946AA1F0AA19800368CAC /* KoffiVideo.app */ = {isa = PBXFileReference; explicitFileType = wrapper.application; includeInIndex = 0; path = KoffiVideo.app; sourceTree = BUILT_PRODUCTS_DIR; };
		00F946AD1F0AA19800368CAC /* AppDelegate.swift */ = {isa = PBXFileReference; lastKnownFileType = sourcecode.swift; path = AppDelegate.swift; sourceTree = "<group>"; };
		00F946AF1F0AA19800368CAC /* ViewController.swift */ = {isa = PBXFileReference; lastKnownFileType = sourcecode.swift; path = ViewController.swift; sourceTree = "<group>"; };
		00F946B21F0AA19800368CAC /* Base */ = {isa = PBXFileReference; lastKnownFileType = file.storyboard; name = Base; path = Base.lproj/Main.storyboard; sourceTree = "<group>"; };
		00F946B41F0AA19800368CAC /* Assets.xcassets */ = {isa = PBXFileReference; lastKnownFileType = folder.assetcatalog; path = Assets.xcassets; sourceTree = "<group>"; };
		00F946B71F0AA19800368CAC /* Base */ = {isa = PBXFileReference; lastKnownFileType = file.storyboard; name = Base; path = Base.lproj/LaunchScreen.storyboard; sourceTree = "<group>"; };
		00F946B91F0AA19800368CAC /* Info.plist */ = {isa = PBXFileReference; lastKnownFileType = text.plist.xml; path = Info.plist; sourceTree = "<group>"; };
/* End PBXFileReference section */

/* Begin PBXFrameworksBuildPhase section */
		00F946A71F0AA19800368CAC /* Frameworks */ = {
			isa = PBXFrameworksBuildPhase;
			buildActionMask = 2147483647;
			files = (
			);
			runOnlyForDeploymentPostprocessing = 0;
		};
/* End PBXFrameworksBuildPhase section */

/* Begin PBXGroup section */
		00F946A11F0AA19800368CAC = {
			isa = PBXGroup;
			children = (
				00F946AC1F0AA19800368CAC /* KoffiVideo */,
				00F946AB1F0AA19800368CAC /* Products */,
			);
			sourceTree = "<group>";
		};
		00F946AB1F0AA19800368CAC /* Products */ = {
			isa = PBXGroup;
			children = (
				00F946AA1F0AA19800368CAC /* KoffiVideo.app */,
			);
			name = Products;
			sourceTree = "<group>";
		};
		00F946AC1F0AA19800368CAC /* KoffiVideo */ = {
			isa = PBXGroup;
			children = (
				00F946AD1F0AA19800368CAC /* AppDelegate.swift */,
				00F946AF1F0AA19800368CAC /* ViewController.swift */,
				00F946B11F0AA19800368CAC /* Main.storyboard */,
				00F946B41F0AA19800368CAC /* Assets.xcassets */,
				00F946B61F0AA19800368CAC /* LaunchScreen.storyboard */,
				00F946B91F0AA19800368CAC /* Info.plist */,
			);
			path = KoffiVideo;
			sourceTree = "<group>";
		};
/* End PBXGroup section */

/* Begin PBXNativeTarget section */
		00F946A91F0AA19800368CAC /* KoffiVideo */ = {
			isa = PBXNativeTarget;
			buildConfigurationList = 00F946BC1F0AA19800368CAC /* Build configuration list for PBXNativeTarget "KoffiVideo" */;
			buildPhases = (
				00F946A61F0AA19800368CAC /* Sources */,
				00F946A71F0AA19800368CAC /* Frameworks */,
				00F946A81F0AA19800368CAC /* Resources */,
			);
			buildRules = (
			);
			dependencies = (
			);
			name = KoffiVideo;
			productName = KoffiVideo;
			productReference = 00F946AA1F0AA19800368CAC /* KoffiVideo.app */;
			productType = "com.apple.product-type.application";
		};
/* End PBXNativeTarget section */

/* Begin PBXProject section */
		00F946A21F0AA19800368CAC /* Project object */ = {
			isa = PBXProject;
			attributes = {
				LastSwiftUpdateCheck = 0820;
				LastUpgradeCheck = 0820;
				ORGANIZATIONNAME = "Mario Geneau";
				TargetAttributes = {
					00F946A91F0AA19800368CAC = {
						CreatedOnToolsVersion = 8.2.1;
						ProvisioningStyle = Automatic;
					};
				};
			};
			buildConfigurationList = 00F946A51F0AA19800368CAC /* Build configuration list for PBXProject "KoffiVideo" */;
			compatibilityVersion = "Xcode 3.2";
			developmentRegion = English;
			hasScannedForEncodings = 0;
			knownRegions = (
				en,
				Base,
			);
			mainGroup = 00F946A11F0AA19800368CAC;
			productRefGroup = 00F946AB1F0AA19800368CAC /* Products */;
			projectDirPath = "";
			projectRoot = "";
			targets = (
				00F946A91F0AA19800368CAC /* KoffiVideo */,
			);
		};
/* End PBXProject section */

/* Begin PBXResourcesBuildPhase section */
		00F946A81F0AA19800368CAC /* Resources */ = {
			isa = PBXResourcesBuildPhase;
			buildActionMask = 2147483647;
			files = (
				00F946B81F0AA19800368CAC /* LaunchScreen.storyboard in Resources */,
				00F946B51F0AA19800368CAC /* Assets.xcassets in Resources */,
				00F946B31F0AA19800368CAC /* Main.storyboard in Resources */,
			);
			runOnlyForDeploymentPostprocessing = 0;
		};
/* End PBXResourcesBuildPhase section */

/* Begin PBXSourcesBuildPhase section */
		00F946A61F0AA19800368CAC /* Sources */ = {
			isa = PBXSourcesBuildPhase;
			buildActionMask = 2147483647;
			files = (
				00F946B01F0AA19800368CAC /* ViewController.swift in Sources */,
				00F946AE1F0AA19800368CAC /* AppDelegate.swift in Sources */,
			);
			runOnlyForDeploymentPostprocessing = 0;
		};
/* End PBXSourcesBuildPhase section */

/* Begin PBXVariantGroup section */
		00F946B11F0AA19800368CAC /* Main.storyboard */ = {
			isa = PBXVariantGroup;
			children = (
				00F946B21F0AA19800368CAC /* Base */,
			);
			name = Main.storyboard;
			sourceTree = "<group>";
		};
		00F946B61F0AA19800368CAC /* LaunchScreen.storyboard */ = {
			isa = PBXVariantGroup;
			children = (
				00F946B71F0AA19800368CAC /* Base */,
			);
			name = LaunchScreen.storyboard;
			sourceTree = "<group>";
		};
/* End PBXVariantGroup section */

/* Begin XCBuildConfiguration section */
		00F946BA1F0AA19800368CAC /* Debug */ = {
			isa = XCBuildConfiguration;
			buildSettings = {
				ALWAYS_SEARCH_USER_PATHS = NO;
				CLANG_ANALYZER_NONNULL = YES;
				CLANG_CXX_LANGUAGE_STANDARD = "gnu++0x";
				CLANG_CXX_LIBRARY = "libc++";
				CLANG_ENABLE_MODULES = YES;
				CLANG_ENABLE_OBJC_ARC = YES;
				CLANG_WARN_BOOL_CONVERSION = YES;
				CLANG_WARN_CONSTANT_CONVERSION = YES;
				CLANG_WARN_DIRECT_OBJC_ISA_USAGE = YES_ERROR;
				CLANG_WARN_DOCUMENTATION_COMMENTS = YES;
				CLANG_WARN_EMPTY_BODY = YES;
				CLANG_WARN_ENUM_CONVERSION = YES;
				CLANG_WARN_INFINITE_RECURSION = YES;
				CLANG_WARN_INT_CONVERSION = YES;
				CLANG_WARN_OBJC_ROOT_CLASS = YES_ERROR;
				CLANG_WARN_SUSPICIOUS_MOVE = YES;
				CLANG_WARN_UNREACHABLE_CODE = YES;
				CLANG_WARN__DUPLICATE_METHOD_MATCH = YES;
				"CODE_SIGN_IDENTITY[sdk=iphoneos*]" = "iPhone Developer";
				COPY_PHASE_STRIP = NO;
				DEBUG_INFORMATION_FORMAT = dwarf;
				ENABLE_STRICT_OBJC_MSGSEND = YES;
				ENABLE_TESTABILITY = YES;
				GCC_C_LANGUAGE_STANDARD = gnu99;
				GCC_DYNAMIC_NO_PIC = NO;
				GCC_NO_COMMON_BLOCKS = YES;
				GCC_OPTIMIZATION_LEVEL = 0;
				GCC_PREPROCESSOR_DEFINITIONS = (
					"DEBUG=1",
					"$(inherited)",
				);
				GCC_WARN_64_TO_32_BIT_CONVERSION = YES;
				GCC_WARN_ABOUT_RETURN_TYPE = YES_ERROR;
				GCC_WARN_UNDECLARED_SELECTOR = YES;
				GCC_WARN_UNINITIALIZED_AUTOS = YES_AGGRESSIVE;
				GCC_WARN_UNUSED_FUNCTION = YES;
				GCC_WARN_UNUSED_VARIABLE = YES;
				IPHONEOS_DEPLOYMENT_TARGET = 10.2;
				MTL_ENABLE_DEBUG_INFO = YES;
				ONLY_ACTIVE_ARCH = YES;
				SDKROOT = iphoneos;
				SWIFT_ACTIVE_COMPILATION_CONDITIONS = DEBUG;
				SWIFT_OPTIMIZATION_LEVEL = "-Onone";
				TARGETED_DEVICE_FAMILY = "1,2";
			};
			name = Debug;
		};
		00F946BB1F0AA19800368CAC /* Release */ = {
			isa = XCBuildConfiguration;
			buildSettings = {
				ALWAYS_SEARCH_USER_PATHS = NO;
				CLANG_ANALYZER_NONNULL = YES;
				CLANG_CXX_LANGUAGE_STANDARD = "gnu++0x";
				CLANG_CXX_LIBRARY = "libc++";
				CLANG_ENABLE_MODULES = YES;
				CLANG_ENABLE_OBJC_ARC = YES;
				CLANG_WARN_BOOL_CONVERSION = YES;
				CLANG_WARN_CONSTANT_CONVERSION = YES;
				CLANG_WARN_DIRECT_OBJC_ISA_USAGE = YES_ERROR;
				CLANG_WARN_DOCUMENTATION_COMMENTS = YES;
				CLANG_WARN_EMPTY_BODY = YES;
				CLANG_WARN_ENUM_CONVERSION = YES;
				CLANG_WARN_INFINITE_RECURSION = YES;
				CLANG_WARN_INT_CONVERSION = YES;
				CLANG_WARN_OBJC_ROOT_CLASS = YES_ERROR;
				CLANG_WARN_SUSPICIOUS_MOVE = YES;
				CLANG_WARN_UNREACHABLE_CODE = YES;
				CLANG_WARN__DUPLICATE_METHOD_MATCH = YES;
				"CODE_SIGN_IDENTITY[sdk=iphoneos*]" = "iPhone Developer";
				COPY_PHASE_STRIP = NO;
				DEBUG_INFORMATION_FORMAT = "dwarf-with-dsym";
				ENABLE_NS_ASSERTIONS = NO;
				ENABLE_STRICT_OBJC_MSGSEND = YES;
				GCC_C_LANGUAGE_STANDARD = gnu99;
				GCC_NO_COMMON_BLOCKS = YES;
				GCC_WARN_64_TO_32_BIT_CONVERSION = YES;
				GCC_WARN_ABOUT_RETURN_TYPE = YES_ERROR;
				GCC_WARN_UNDECLARED_SELECTOR = YES;
				GCC_WARN_UNINITIALIZED_AUTOS = YES_AGGRESSIVE;
				GCC_WARN_UNUSED_FUNCTION = YES;
				GCC_WARN_UNUSED_VARIABLE = YES;
				IPHONEOS_DEPLOYMENT_TARGET = 10.2;
				MTL_ENABLE_DEBUG_INFO = NO;
				SDKROOT = iphoneos;
				SWIFT_OPTIMIZATION_LEVEL = "-Owholemodule";
				TARGETED_DEVICE_FAMILY = "1,2";
				VALIDATE_PRODUCT = YES;
			};
			name = Release;
		};
		00F946BD1F0AA19800368CAC /* Debug */ = {
			isa = XCBuildConfiguration;
			buildSettings = {
				ASSETCATALOG_COMPILER_APPICON_NAME = AppIcon;
				INFOPLIST_FILE = KoffiVideo/Info.plist;
				LD_RUNPATH_SEARCH_PATHS = "$(inherited) @executable_path/Frameworks";
				PRODUCT_BUNDLE_IDENTIFIER = com.mariogeneau.KoffiVideo;
				PRODUCT_NAME = "$(TARGET_NAME)";
				SWIFT_VERSION = 3.0;
			};
			name = Debug;
		};
		00F946BE1F0AA19800368CAC /* Release */ = {
			isa = XCBuildConfiguration;
			buildSettings = {
				ASSETCATALOG_COMPILER_APPICON_NAME = AppIcon;
				INFOPLIST_FILE = KoffiVideo/Info.plist;
				LD_RUNPATH_SEARCH_PATHS = "$(inherited) @executable_path/Frameworks";
				PRODUCT_BUNDLE_IDENTIFIER = com.mariogeneau.KoffiVideo;
				PRODUCT_NAME = "$(TARGET_NAME)";
				SWIFT_VERSION = 3.0;
			};
			name = Release;
		};
/* End XCBuildConfiguration section */

/* Begin XCConfigurationList section */
		00F946A51F0AA19800368CAC /* Build configuration list for PBXProject "KoffiVideo" */ = {
			isa = XCConfigurationList;
			buildConfigurations = (
				00F946BA1F0AA19800368CAC /* Debug */,
				00F946BB1F0AA19800368CAC /* Release */,
			);
			defaultConfigurationIsVisible = 0;
			defaultConfigurationName = Release;
		};
		00F946BC1F0AA19800368CAC /* Build configuration list for PBXNativeTarget "KoffiVideo" */ = {
			isa = XCConfigurationList;
			buildConfigurations = (
				00F946BD1F0AA19800368CAC /* Debug */,
				00F946BE1F0AA19800368CAC /* Release */,
			);
			defaultConfigurationIsVisible = 0;
		};
/* End XCConfigurationList section */
	};
	rootObject = 00F946A21F0AA19800368CAC /* Project object */;
}
